github.com/andyzhou/cree v0.0.0-20211004070926-3570f7c82952 h1:2l7m811hisPYx6zqW1xCwOgOdGizSJkSKuwyC/bO2Y8=
github.com/andyzhou/cree v0.0.0-20211004070926-3570f7c82952/go.mod h1:jTTz0F5AN0VhQ+OWQbmEG38RfFIy8re1FvDcf58MkMo=
github.com/andyzhou/cree v0.0.0-20211004080231-a9ab2a7e614f h1:cMXy2WX+qCEb393ak+dFO5Z902PeAvcBgkAgjRFPGNs=
github.com/andyzhou/cree v0.0.0-20211004080231-a9ab2a7e614f/go.mod h1:jTTz0F5AN0VhQ+OWQbmEG38RfFIy8re1FvDcf58MkMo=
