github.com/andyzhou/cree v0.0.0-20211004081607-f8e1a3aaee3e h1:doAsi1zGA/7VEwURV/4YWZKu2XuHww0dSQeImmawBNc=
github.com/andyzhou/cree v0.0.0-20211004081607-f8e1a3aaee3e/go.mod h1:jTTz0F5AN0VhQ+OWQbmEG38RfFIy8re1FvDcf58MkMo=
github.com/andyzhou/cree v0.0.0-20211004090522-d0ccb797f679 h1:0O1qnGKq33pPXdvU7PkYdkE0mxeUpb3r1hicq2mICTw=
github.com/andyzhou/cree v0.0.0-20211004090522-d0ccb797f679/go.mod h1:jTTz0F5AN0VhQ+OWQbmEG38RfFIy8re1FvDcf58MkMo=
github.com/andyzhou/cree v0.0.0-20231202095539-ed4d6d618d93 h1:taVxfzrrRYS6AeeWIZTQS8X9p3wuwrjYlUAFLgm/sTA=
github.com/andyzhou/cree v0.0.0-20231202095539-ed4d6d618d93/go.mod h1:We/SRGyarYpXTxUXd0pPebHibc0ARa/XVoTmIH2zw+s=
